Microsoft Visual Studio Solution File, Format Version 12.00
# Visual Studio 2012
Project("{FAE04EC0-301F-11D3-BF4B-00C04F79EFBC}") = "Client", "Client.csproj", "{BCE00E0B-5C43-42FE-8E48-D3B9E2326461}"
EndProject
Global
	GlobalSection(SolutionConfigurationPlatforms) = preSolution
	Debug|Any CPU = Debug|Any CPU
	ExportDebug|Any CPU = ExportDebug|Any CPU
	ExportRelease|Any CPU = ExportRelease|Any CPU
	EndGlobalSection
	GlobalSection(ProjectConfigurationPlatforms) = postSolution
		{BCE00E0B-5C43-42FE-8E48-D3B9E2326461}.Debug|Any CPU.ActiveCfg = Debug|Any CPU
		{BCE00E0B-5C43-42FE-8E48-D3B9E2326461}.Debug|Any CPU.Build.0 = Debug|Any CPU
		{BCE00E0B-5C43-42FE-8E48-D3B9E2326461}.ExportDebug|Any CPU.ActiveCfg = ExportDebug|Any CPU
		{BCE00E0B-5C43-42FE-8E48-D3B9E2326461}.ExportDebug|Any CPU.Build.0 = ExportDebug|Any CPU
		{BCE00E0B-5C43-42FE-8E48-D3B9E2326461}.ExportRelease|Any CPU.ActiveCfg = ExportRelease|Any CPU
		{BCE00E0B-5C43-42FE-8E48-D3B9E2326461}.ExportRelease|Any CPU.Build.0 = ExportRelease|Any CPU
	EndGlobalSection
EndGlobal
