Microsoft Visual Studio Solution File, Format Version 12.00
# Visual Studio 2012
Project("{FAE04EC0-301F-11D3-BF4B-00C04F79EFBC}") = "RGSS Player", "RGSS Player.csproj", "{BA73E318-E7AC-47C9-A37D-4F99E8F312F5}"
EndProject
Global
	GlobalSection(SolutionConfigurationPlatforms) = preSolution
	Debug|Any CPU = Debug|Any CPU
	ExportDebug|Any CPU = ExportDebug|Any CPU
	ExportRelease|Any CPU = ExportRelease|Any CPU
	EndGlobalSection
	GlobalSection(ProjectConfigurationPlatforms) = postSolution
		{BA73E318-E7AC-47C9-A37D-4F99E8F312F5}.Debug|Any CPU.ActiveCfg = Debug|Any CPU
		{BA73E318-E7AC-47C9-A37D-4F99E8F312F5}.Debug|Any CPU.Build.0 = Debug|Any CPU
		{BA73E318-E7AC-47C9-A37D-4F99E8F312F5}.ExportDebug|Any CPU.ActiveCfg = ExportDebug|Any CPU
		{BA73E318-E7AC-47C9-A37D-4F99E8F312F5}.ExportDebug|Any CPU.Build.0 = ExportDebug|Any CPU
		{BA73E318-E7AC-47C9-A37D-4F99E8F312F5}.ExportRelease|Any CPU.ActiveCfg = ExportRelease|Any CPU
		{BA73E318-E7AC-47C9-A37D-4F99E8F312F5}.ExportRelease|Any CPU.Build.0 = ExportRelease|Any CPU
	EndGlobalSection
EndGlobal
